
Microsoft Visual Studio Solution File, Format Version 12.00
# Visual Studio Version 16
VisualStudioVersion = 16.0.30717.126
MinimumVisualStudioVersion = 10.0.40219.1
Project("{9A19103F-16F7-4668-BE54-9A1E7A4F7556}") = "Sun.WebAPI.Receiver", "Sun.WebAPI.Receiver.csproj", "{997FB4F1-18E1-4876-B453-3CD6962A7D1E}"
EndProject
Project("{2150E333-8FDC-42A3-9474-1A3956D46DE8}") = "External-Project", "External-Project", "{D85F1E2D-9578-4235-A39D-11169D7702CA}"
EndProject
Project("{9A19103F-16F7-4668-BE54-9A1E7A4F7556}") = "RabbitMQ.Helper", "..\RabbitMQ.Helper\RabbitMQ.Helper.csproj", "{482FEA3C-3A8E-408E-8271-10207A07D315}"
EndProject
Project("{9A19103F-16F7-4668-BE54-9A1E7A4F7556}") = "Sun.DataSync.Domain", "..\Sun.DataSync.Domain\Sun.DataSync.Domain.csproj", "{6B61B870-AE78-4672-9AAE-E3AD034F68F2}"
	ProjectSection(ProjectDependencies) = postProject
		{482FEA3C-3A8E-408E-8271-10207A07D315} = {482FEA3C-3A8E-408E-8271-10207A07D315}
	EndProjectSection
EndProject
Project("{FAE04EC0-301F-11D3-BF4B-00C04F79EFBC}") = "Sun.WebAPI.Library", "..\Sun.WebAPI.Library\Sun.WebAPI.Library.csproj", "{01C5E8EB-3CA2-4317-967A-AE5BA47A5FB0}"
EndProject
Global
	GlobalSection(SolutionConfigurationPlatforms) = preSolution
		Debug|Any CPU = Debug|Any CPU
		Release|Any CPU = Release|Any CPU
	EndGlobalSection
	GlobalSection(ProjectConfigurationPlatforms) = postSolution
		{997FB4F1-18E1-4876-B453-3CD6962A7D1E}.Debug|Any CPU.ActiveCfg = Debug|Any CPU
		{997FB4F1-18E1-4876-B453-3CD6962A7D1E}.Debug|Any CPU.Build.0 = Debug|Any CPU
		{997FB4F1-18E1-4876-B453-3CD6962A7D1E}.Release|Any CPU.ActiveCfg = Release|Any CPU
		{997FB4F1-18E1-4876-B453-3CD6962A7D1E}.Release|Any CPU.Build.0 = Release|Any CPU
		{482FEA3C-3A8E-408E-8271-10207A07D315}.Debug|Any CPU.ActiveCfg = Debug|Any CPU
		{482FEA3C-3A8E-408E-8271-10207A07D315}.Debug|Any CPU.Build.0 = Debug|Any CPU
		{482FEA3C-3A8E-408E-8271-10207A07D315}.Release|Any CPU.ActiveCfg = Release|Any CPU
		{482FEA3C-3A8E-408E-8271-10207A07D315}.Release|Any CPU.Build.0 = Release|Any CPU
		{6B61B870-AE78-4672-9AAE-E3AD034F68F2}.Debug|Any CPU.ActiveCfg = Debug|Any CPU
		{6B61B870-AE78-4672-9AAE-E3AD034F68F2}.Debug|Any CPU.Build.0 = Debug|Any CPU
		{6B61B870-AE78-4672-9AAE-E3AD034F68F2}.Release|Any CPU.ActiveCfg = Release|Any CPU
		{6B61B870-AE78-4672-9AAE-E3AD034F68F2}.Release|Any CPU.Build.0 = Release|Any CPU
		{01C5E8EB-3CA2-4317-967A-AE5BA47A5FB0}.Debug|Any CPU.ActiveCfg = Debug|Any CPU
		{01C5E8EB-3CA2-4317-967A-AE5BA47A5FB0}.Debug|Any CPU.Build.0 = Debug|Any CPU
		{01C5E8EB-3CA2-4317-967A-AE5BA47A5FB0}.Release|Any CPU.ActiveCfg = Release|Any CPU
		{01C5E8EB-3CA2-4317-967A-AE5BA47A5FB0}.Release|Any CPU.Build.0 = Release|Any CPU
	EndGlobalSection
	GlobalSection(SolutionProperties) = preSolution
		HideSolutionNode = FALSE
	EndGlobalSection
	GlobalSection(NestedProjects) = preSolution
		{482FEA3C-3A8E-408E-8271-10207A07D315} = {D85F1E2D-9578-4235-A39D-11169D7702CA}
		{6B61B870-AE78-4672-9AAE-E3AD034F68F2} = {D85F1E2D-9578-4235-A39D-11169D7702CA}
		{01C5E8EB-3CA2-4317-967A-AE5BA47A5FB0} = {D85F1E2D-9578-4235-A39D-11169D7702CA}
	EndGlobalSection
	GlobalSection(ExtensibilityGlobals) = postSolution
		SolutionGuid = {4BA9F441-4FA7-4FE2-9FB9-B2487FEA7F48}
	EndGlobalSection
EndGlobal
